<?xml version="1.0"?>
<Project ToolsVersion="4.0" xmlns="http://schemas.microsoft.com/developer/msbuild/2003">
	<ItemGroup>
		<ClCompile Include="src\ofApp.cpp">
			<Filter>src</Filter>
		</ClCompile>
		<ClCompile Include="src\main.cpp">
			<Filter>src</Filter>
		</ClCompile>
		<ClCompile Include="src\Movie.cpp">
			<Filter>src</Filter>
		</ClCompile>
		<ClCompile Include="src\MovieSearcher.cpp">
			<Filter>src</Filter>
		</ClCompile>
		<ClCompile Include="..\..\..\addons\ofxJSON\src\ofxJSONElement.cpp">
			<Filter>addons\ofxJSON\src</Filter>
		</ClCompile>
		<ClCompile Include="..\..\..\addons\ofxJSON\libs\jsoncpp\src\jsoncpp.cpp">
			<Filter>addons\ofxJSON\libs\jsoncpp\src</Filter>
		</ClCompile>
	</ItemGroup>
	<ItemGroup>
		<Filter Include="src">
			<UniqueIdentifier>{d8376475-7454-4a24-b08a-aac121d3ad6f}</UniqueIdentifier>
		</Filter>
		<Filter Include="addons">
			<UniqueIdentifier>{A7A128F2--3F1-E-48-47-A-C41-ED7DB940E60D}</UniqueIdentifier>
		</Filter>
		<Filter Include="addons\ofxJSON">
			<UniqueIdentifier>{F51929F8--8D9-E-48-D6-8-C01-8697E4037E9D}</UniqueIdentifier>
		</Filter>
		<Filter Include="addons\ofxJSON\src">
			<UniqueIdentifier>{F3F2CD7D--73B-B-4B-B7-A-6F3-F6B862E559D6}</UniqueIdentifier>
		</Filter>
		<Filter Include="addons\ofxJSON\libs">
			<UniqueIdentifier>{56A38BCC--7DF-A-48-CE-A-18F-33CB3CE7528A}</UniqueIdentifier>
		</Filter>
		<Filter Include="addons\ofxJSON\libs\jsoncpp">
			<UniqueIdentifier>{1615B2C4--7E7-A-44-84-B-9D3-DE660BAFA0D1}</UniqueIdentifier>
		</Filter>
		<Filter Include="addons\ofxJSON\libs\jsoncpp\include">
			<UniqueIdentifier>{091ADDB0--19E-0-4C-C1-9-1B0-CDFA59FBBE69}</UniqueIdentifier>
		</Filter>
		<Filter Include="addons\ofxJSON\libs\jsoncpp\include\json">
			<UniqueIdentifier>{99BB4E10--D8B-0-46-0F-8-17E-96FCCD8CD19F}</UniqueIdentifier>
		</Filter>
		<Filter Include="addons\ofxJSON\libs\jsoncpp\src">
			<UniqueIdentifier>{A92D99D1--DE9-6-45-BE-8-57F-1AC1FEC66844}</UniqueIdentifier>
		</Filter>
	</ItemGroup>
	<ItemGroup>
		<ClInclude Include="src\ofApp.h">
			<Filter>src</Filter>
		</ClInclude>
		<ClInclude Include="src\Movie.h">
			<Filter>src</Filter>
		</ClInclude>
		<ClInclude Include="src\MovieSearcher.h">
			<Filter>src</Filter>
		</ClInclude>
		<ClInclude Include="..\..\..\addons\ofxJSON\src\ofxJSON.h">
			<Filter>addons\ofxJSON\src</Filter>
		</ClInclude>
		<ClInclude Include="..\..\..\addons\ofxJSON\src\ofxJSONElement.h">
			<Filter>addons\ofxJSON\src</Filter>
		</ClInclude>
		<ClInclude Include="..\..\..\addons\ofxJSON\libs\jsoncpp\include\json\json-forwards.h">
			<Filter>addons\ofxJSON\libs\jsoncpp\include\json</Filter>
		</ClInclude>
		<ClInclude Include="..\..\..\addons\ofxJSON\libs\jsoncpp\include\json\json.h">
			<Filter>addons\ofxJSON\libs\jsoncpp\include\json</Filter>
		</ClInclude>
	</ItemGroup>
	<ItemGroup>
		<ResourceCompile Include="icon.rc" />
	</ItemGroup>
</Project>
